// !$*UTF8*$!
{
	archiveVersion = 1;
	classes = {
	};
	objectVersion = 55;
	objects = {

/* Begin PBXBuildFile section */
		08FD38F827C4F4F200989897 /* AppDelegate.swift in Sources */ = {isa = PBXBuildFile; fileRef = 08FD38F727C4F4F200989897 /* AppDelegate.swift */; };
		08FD38FA27C4F4F200989897 /* SceneDelegate.swift in Sources */ = {isa = PBXBuildFile; fileRef = 08FD38F927C4F4F200989897 /* SceneDelegate.swift */; };
		08FD38FC27C4F4F200989897 /* ViewController.swift in Sources */ = {isa = PBXBuildFile; fileRef = 08FD38FB27C4F4F200989897 /* ViewController.swift */; };
		08FD38FF27C4F4F200989897 /* Main.storyboard in Resources */ = {isa = PBXBuildFile; fileRef = 08FD38FD27C4F4F200989897 /* Main.storyboard */; };
		08FD390127C4F4F300989897 /* Assets.xcassets in Resources */ = {isa = PBXBuildFile; fileRef = 08FD390027C4F4F300989897 /* Assets.xcassets */; };
		08FD390427C4F4F300989897 /* LaunchScreen.storyboard in Resources */ = {isa = PBXBuildFile; fileRef = 08FD390227C4F4F300989897 /* LaunchScreen.storyboard */; };
		08FD390C27D4D2B000989897 /* TableViewController.swift in Sources */ = {isa = PBXBuildFile; fileRef = 08FD390B27D4D2B000989897 /* TableViewController.swift */; };
/* End PBXBuildFile section */

/* Begin PBXFileReference section */
		08FD38F427C4F4F200989897 /* Ind03_Olaifa_Julius.app */ = {isa = PBXFileReference; explicitFileType = wrapper.application; includeInIndex = 0; path = Ind03_Olaifa_Julius.app; sourceTree = BUILT_PRODUCTS_DIR; };
		08FD38F727C4F4F200989897 /* AppDelegate.swift */ = {isa = PBXFileReference; lastKnownFileType = sourcecode.swift; path = AppDelegate.swift; sourceTree = "<group>"; };
		08FD38F927C4F4F200989897 /* SceneDelegate.swift */ = {isa = PBXFileReference; lastKnownFileType = sourcecode.swift; path = SceneDelegate.swift; sourceTree = "<group>"; };
		08FD38FB27C4F4F200989897 /* ViewController.swift */ = {isa = PBXFileReference; lastKnownFileType = sourcecode.swift; path = ViewController.swift; sourceTree = "<group>"; };
		08FD38FE27C4F4F200989897 /* Base */ = {isa = PBXFileReference; lastKnownFileType = file.storyboard; name = Base; path = Base.lproj/Main.storyboard; sourceTree = "<group>"; };
		08FD390027C4F4F300989897 /* Assets.xcassets */ = {isa = PBXFileReference; lastKnownFileType = folder.assetcatalog; path = Assets.xcassets; sourceTree = "<group>"; };
		08FD390327C4F4F300989897 /* Base */ = {isa = PBXFileReference; lastKnownFileType = file.storyboard; name = Base; path = Base.lproj/LaunchScreen.storyboard; sourceTree = "<group>"; };
		08FD390527C4F4F300989897 /* Info.plist */ = {isa = PBXFileReference; lastKnownFileType = text.plist.xml; path = Info.plist; sourceTree = "<group>"; };
		08FD390B27D4D2B000989897 /* TableViewController.swift */ = {isa = PBXFileReference; lastKnownFileType = sourcecode.swift; path = TableViewController.swift; sourceTree = "<group>"; };
/* End PBXFileReference section */

/* Begin PBXFrameworksBuildPhase section */
		08FD38F127C4F4F200989897 /* Frameworks */ = {
			isa = PBXFrameworksBuildPhase;
			buildActionMask = 2147483647;
			files = (
			);
			runOnlyForDeploymentPostprocessing = 0;
		};
/* End PBXFrameworksBuildPhase section */

/* Begin PBXGroup section */
		08FD38EB27C4F4F200989897 = {
			isa = PBXGroup;
			children = (
				08FD38F627C4F4F200989897 /* Ind03_Olaifa_Julius */,
				08FD38F527C4F4F200989897 /* Products */,
			);
			sourceTree = "<group>";
		};
		08FD38F527C4F4F200989897 /* Products */ = {
			isa = PBXGroup;
			children = (
				08FD38F427C4F4F200989897 /* Ind03_Olaifa_Julius.app */,
			);
			name = Products;
			sourceTree = "<group>";
		};
		08FD38F627C4F4F200989897 /* Ind03_Olaifa_Julius */ = {
			isa = PBXGroup;
			children = (
				08FD38F727C4F4F200989897 /* AppDelegate.swift */,
				08FD38F927C4F4F200989897 /* SceneDelegate.swift */,
				08FD38FB27C4F4F200989897 /* ViewController.swift */,
				08FD38FD27C4F4F200989897 /* Main.storyboard */,
				08FD390B27D4D2B000989897 /* TableViewController.swift */,
				08FD390027C4F4F300989897 /* Assets.xcassets */,
				08FD390227C4F4F300989897 /* LaunchScreen.storyboard */,
				08FD390527C4F4F300989897 /* Info.plist */,
			);
			path = Ind03_Olaifa_Julius;
			sourceTree = "<group>";
		};
/* End PBXGroup section */

/* Begin PBXNativeTarget section */
		08FD38F327C4F4F200989897 /* Ind03_Olaifa_Julius */ = {
			isa = PBXNativeTarget;
			buildConfigurationList = 08FD390827C4F4F300989897 /* Build configuration list for PBXNativeTarget "Ind03_Olaifa_Julius" */;
			buildPhases = (
				08FD38F027C4F4F200989897 /* Sources */,
				08FD38F127C4F4F200989897 /* Frameworks */,
				08FD38F227C4F4F200989897 /* Resources */,
			);
			buildRules = (
			);
			dependencies = (
			);
			name = Ind03_Olaifa_Julius;
			productName = Ind03_Olaifa_Julius;
			productReference = 08FD38F427C4F4F200989897 /* Ind03_Olaifa_Julius.app */;
			productType = "com.apple.product-type.application";
		};
/* End PBXNativeTarget section */

/* Begin PBXProject section */
		08FD38EC27C4F4F200989897 /* Project object */ = {
			isa = PBXProject;
			attributes = {
				BuildIndependentTargetsInParallel = 1;
				LastSwiftUpdateCheck = 1320;
				LastUpgradeCheck = 1320;
				TargetAttributes = {
					08FD38F327C4F4F200989897 = {
						CreatedOnToolsVersion = 13.2.1;
					};
				};
			};
			buildConfigurationList = 08FD38EF27C4F4F200989897 /* Build configuration list for PBXProject "Ind03_Olaifa_Julius" */;
			compatibilityVersion = "Xcode 13.0";
			developmentRegion = en;
			hasScannedForEncodings = 0;
			knownRegions = (
				en,
				Base,
			);
			mainGroup = 08FD38EB27C4F4F200989897;
			productRefGroup = 08FD38F527C4F4F200989897 /* Products */;
			projectDirPath = "";
			projectRoot = "";
			targets = (
				08FD38F327C4F4F200989897 /* Ind03_Olaifa_Julius */,
			);
		};
/* End PBXProject section */

/* Begin PBXResourcesBuildPhase section */
		08FD38F227C4F4F200989897 /* Resources */ = {
			isa = PBXResourcesBuildPhase;
			buildActionMask = 2147483647;
			files = (
				08FD390427C4F4F300989897 /* LaunchScreen.storyboard in Resources */,
				08FD390127C4F4F300989897 /* Assets.xcassets in Resources */,
				08FD38FF27C4F4F200989897 /* Main.storyboard in Resources */,
			);
			runOnlyForDeploymentPostprocessing = 0;
		};
/* End PBXResourcesBuildPhase section */

/* Begin PBXSourcesBuildPhase section */
		08FD38F027C4F4F200989897 /* Sources */ = {
			isa = PBXSourcesBuildPhase;
			buildActionMask = 2147483647;
			files = (
				08FD38FC27C4F4F200989897 /* ViewController.swift in Sources */,
				08FD38F827C4F4F200989897 /* AppDelegate.swift in Sources */,
				08FD38FA27C4F4F200989897 /* SceneDelegate.swift in Sources */,
				08FD390C27D4D2B000989897 /* TableViewController.swift in Sources */,
			);
			runOnlyForDeploymentPostprocessing = 0;
		};
/* End PBXSourcesBuildPhase section */

/* Begin PBXVariantGroup section */
		08FD38FD27C4F4F200989897 /* Main.storyboard */ = {
			isa = PBXVariantGroup;
			children = (
				08FD38FE27C4F4F200989897 /* Base */,
			);
			name = Main.storyboard;
			sourceTree = "<group>";
		};
		08FD390227C4F4F300989897 /* LaunchScreen.storyboard */ = {
			isa = PBXVariantGroup;
			children = (
				08FD390327C4F4F300989897 /* Base */,
			);
			name = LaunchScreen.storyboard;
			sourceTree = "<group>";
		};
/* End PBXVariantGroup section */

/* Begin XCBuildConfiguration section */
		08FD390627C4F4F300989897 /* Debug */ = {
			isa = XCBuildConfiguration;
			buildSettings = {
				ALWAYS_SEARCH_USER_PATHS = NO;
				CLANG_ANALYZER_NONNULL = YES;
				CLANG_ANALYZER_NUMBER_OBJECT_CONVERSION = YES_AGGRESSIVE;
				CLANG_CXX_LANGUAGE_STANDARD = "gnu++17";
				CLANG_CXX_LIBRARY = "libc++";
				CLANG_ENABLE_MODULES = YES;
				CLANG_ENABLE_OBJC_ARC = YES;
				CLANG_ENABLE_OBJC_WEAK = YES;
				CLANG_WARN_BLOCK_CAPTURE_AUTORELEASING = YES;
				CLANG_WARN_BOOL_CONVERSION = YES;
				CLANG_WARN_COMMA = YES;
				CLANG_WARN_CONSTANT_CONVERSION = YES;
				CLANG_WARN_DEPRECATED_OBJC_IMPLEMENTATIONS = YES;
				CLANG_WARN_DIRECT_OBJC_ISA_USAGE = YES_ERROR;
				CLANG_WARN_DOCUMENTATION_COMMENTS = YES;
				CLANG_WARN_EMPTY_BODY = YES;
				CLANG_WARN_ENUM_CONVERSION = YES;
				CLANG_WARN_INFINITE_RECURSION = YES;
				CLANG_WARN_INT_CONVERSION = YES;
				CLANG_WARN_NON_LITERAL_NULL_CONVERSION = YES;
				CLANG_WARN_OBJC_IMPLICIT_RETAIN_SELF = YES;
				CLANG_WARN_OBJC_LITERAL_CONVERSION = YES;
				CLANG_WARN_OBJC_ROOT_CLASS = YES_ERROR;
				CLANG_WARN_QUOTED_INCLUDE_IN_FRAMEWORK_HEADER = YES;
				CLANG_WARN_RANGE_LOOP_ANALYSIS = YES;
				CLANG_WARN_STRICT_PROTOTYPES = YES;
				CLANG_WARN_SUSPICIOUS_MOVE = YES;
				CLANG_WARN_UNGUARDED_AVAILABILITY = YES_AGGRESSIVE;
				CLANG_WARN_UNREACHABLE_CODE = YES;
				CLANG_WARN__DUPLICATE_METHOD_MATCH = YES;
				COPY_PHASE_STRIP = NO;
				DEBUG_INFORMATION_FORMAT = dwarf;
				ENABLE_STRICT_OBJC_MSGSEND = YES;
				ENABLE_TESTABILITY = YES;
				GCC_C_LANGUAGE_STANDARD = gnu11;
				GCC_DYNAMIC_NO_PIC = NO;
				GCC_NO_COMMON_BLOCKS = YES;
				GCC_OPTIMIZATION_LEVEL = 0;
				GCC_PREPROCESSOR_DEFINITIONS = (
					"DEBUG=1",
					"$(inherited)",
				);
				GCC_WARN_64_TO_32_BIT_CONVERSION = YES;
				GCC_WARN_ABOUT_RETURN_TYPE = YES_ERROR;
				GCC_WARN_UNDECLARED_SELECTOR = YES;
				GCC_WARN_UNINITIALIZED_AUTOS = YES_AGGRESSIVE;
				GCC_WARN_UNUSED_FUNCTION = YES;
				GCC_WARN_UNUSED_VARIABLE = YES;
				IPHONEOS_DEPLOYMENT_TARGET = 15.2;
				MTL_ENABLE_DEBUG_INFO = INCLUDE_SOURCE;
				MTL_FAST_MATH = YES;
				ONLY_ACTIVE_ARCH = YES;
				SDKROOT = iphoneos;
				SWIFT_ACTIVE_COMPILATION_CONDITIONS = DEBUG;
				SWIFT_OPTIMIZATION_LEVEL = "-Onone";
			};
			name = Debug;
		};
		08FD390727C4F4F300989897 /* Release */ = {
			isa = XCBuildConfiguration;
			buildSettings = {
				ALWAYS_SEARCH_USER_PATHS = NO;
				CLANG_ANALYZER_NONNULL = YES;
				CLANG_ANALYZER_NUMBER_OBJECT_CONVERSION = YES_AGGRESSIVE;
				CLANG_CXX_LANGUAGE_STANDARD = "gnu++17";
				CLANG_CXX_LIBRARY = "libc++";
				CLANG_ENABLE_MODULES = YES;
				CLANG_ENABLE_OBJC_ARC = YES;
				CLANG_ENABLE_OBJC_WEAK = YES;
				CLANG_WARN_BLOCK_CAPTURE_AUTORELEASING = YES;
				CLANG_WARN_BOOL_CONVERSION = YES;
				CLANG_WARN_COMMA = YES;
				CLANG_WARN_CONSTANT_CONVERSION = YES;
				CLANG_WARN_DEPRECATED_OBJC_IMPLEMENTATIONS = YES;
				CLANG_WARN_DIRECT_OBJC_ISA_USAGE = YES_ERROR;
				CLANG_WARN_DOCUMENTATION_COMMENTS = YES;
				CLANG_WARN_EMPTY_BODY = YES;
				CLANG_WARN_ENUM_CONVERSION = YES;
				CLANG_WARN_INFINITE_RECURSION = YES;
				CLANG_WARN_INT_CONVERSION = YES;
				CLANG_WARN_NON_LITERAL_NULL_CONVERSION = YES;
				CLANG_WARN_OBJC_IMPLICIT_RETAIN_SELF = YES;
				CLANG_WARN_OBJC_LITERAL_CONVERSION = YES;
				CLANG_WARN_OBJC_ROOT_CLASS = YES_ERROR;
				CLANG_WARN_QUOTED_INCLUDE_IN_FRAMEWORK_HEADER = YES;
				CLANG_WARN_RANGE_LOOP_ANALYSIS = YES;
				CLANG_WARN_STRICT_PROTOTYPES = YES;
				CLANG_WARN_SUSPICIOUS_MOVE = YES;
				CLANG_WARN_UNGUARDED_AVAILABILITY = YES_AGGRESSIVE;
				CLANG_WARN_UNREACHABLE_CODE = YES;
				CLANG_WARN__DUPLICATE_METHOD_MATCH = YES;
				COPY_PHASE_STRIP = NO;
				DEBUG_INFORMATION_FORMAT = "dwarf-with-dsym";
				ENABLE_NS_ASSERTIONS = NO;
				ENABLE_STRICT_OBJC_MSGSEND = YES;
				GCC_C_LANGUAGE_STANDARD = gnu11;
				GCC_NO_COMMON_BLOCKS = YES;
				GCC_WARN_64_TO_32_BIT_CONVERSION = YES;
				GCC_WARN_ABOUT_RETURN_TYPE = YES_ERROR;
				GCC_WARN_UNDECLARED_SELECTOR = YES;
				GCC_WARN_UNINITIALIZED_AUTOS = YES_AGGRESSIVE;
				GCC_WARN_UNUSED_FUNCTION = YES;
				GCC_WARN_UNUSED_VARIABLE = YES;
				IPHONEOS_DEPLOYMENT_TARGET = 15.2;
				MTL_ENABLE_DEBUG_INFO = NO;
				MTL_FAST_MATH = YES;
				SDKROOT = iphoneos;
				SWIFT_COMPILATION_MODE = wholemodule;
				SWIFT_OPTIMIZATION_LEVEL = "-O";
				VALIDATE_PRODUCT = YES;
			};
			name = Release;
		};
		08FD390927C4F4F300989897 /* Debug */ = {
			isa = XCBuildConfiguration;
			buildSettings = {
				ASSETCATALOG_COMPILER_APPICON_NAME = AppIcon;
				ASSETCATALOG_COMPILER_GLOBAL_ACCENT_COLOR_NAME = AccentColor;
				CODE_SIGN_STYLE = Automatic;
				CURRENT_PROJECT_VERSION = 1;
				DEVELOPMENT_TEAM = H5XPY955CA;
				GENERATE_INFOPLIST_FILE = YES;
				INFOPLIST_FILE = Ind03_Olaifa_Julius/Info.plist;
				INFOPLIST_KEY_UIApplicationSupportsIndirectInputEvents = YES;
				INFOPLIST_KEY_UILaunchStoryboardName = LaunchScreen;
				INFOPLIST_KEY_UIMainStoryboardFile = Main;
				INFOPLIST_KEY_UISupportedInterfaceOrientations_iPad = "UIInterfaceOrientationPortrait UIInterfaceOrientationPortraitUpsideDown UIInterfaceOrientationLandscapeLeft UIInterfaceOrientationLandscapeRight";
				INFOPLIST_KEY_UISupportedInterfaceOrientations_iPhone = "UIInterfaceOrientationPortrait UIInterfaceOrientationLandscapeLeft UIInterfaceOrientationLandscapeRight";
				LD_RUNPATH_SEARCH_PATHS = (
					"$(inherited)",
					"@executable_path/Frameworks",
				);
				MARKETING_VERSION = 1.0;
				PRODUCT_BUNDLE_IDENTIFIER = "com.juliusolaifa.Ind03-Olaifa-Julius";
				PRODUCT_NAME = "$(TARGET_NAME)";
				SWIFT_EMIT_LOC_STRINGS = YES;
				SWIFT_VERSION = 5.0;
				TARGETED_DEVICE_FAMILY = "1,2";
			};
			name = Debug;
		};
		08FD390A27C4F4F300989897 /* Release */ = {
			isa = XCBuildConfiguration;
			buildSettings = {
				ASSETCATALOG_COMPILER_APPICON_NAME = AppIcon;
				ASSETCATALOG_COMPILER_GLOBAL_ACCENT_COLOR_NAME = AccentColor;
				CODE_SIGN_STYLE = Automatic;
				CURRENT_PROJECT_VERSION = 1;
				DEVELOPMENT_TEAM = H5XPY955CA;
				GENERATE_INFOPLIST_FILE = YES;
				INFOPLIST_FILE = Ind03_Olaifa_Julius/Info.plist;
				INFOPLIST_KEY_UIApplicationSupportsIndirectInputEvents = YES;
				INFOPLIST_KEY_UILaunchStoryboardName = LaunchScreen;
				INFOPLIST_KEY_UIMainStoryboardFile = Main;
				INFOPLIST_KEY_UISupportedInterfaceOrientations_iPad = "UIInterfaceOrientationPortrait UIInterfaceOrientationPortraitUpsideDown UIInterfaceOrientationLandscapeLeft UIInterfaceOrientationLandscapeRight";
				INFOPLIST_KEY_UISupportedInterfaceOrientations_iPhone = "UIInterfaceOrientationPortrait UIInterfaceOrientationLandscapeLeft UIInterfaceOrientationLandscapeRight";
				LD_RUNPATH_SEARCH_PATHS = (
					"$(inherited)",
					"@executable_path/Frameworks",
				);
				MARKETING_VERSION = 1.0;
				PRODUCT_BUNDLE_IDENTIFIER = "com.juliusolaifa.Ind03-Olaifa-Julius";
				PRODUCT_NAME = "$(TARGET_NAME)";
				SWIFT_EMIT_LOC_STRINGS = YES;
				SWIFT_VERSION = 5.0;
				TARGETED_DEVICE_FAMILY = "1,2";
			};
			name = Release;
		};
/* End XCBuildConfiguration section */

/* Begin XCConfigurationList section */
		08FD38EF27C4F4F200989897 /* Build configuration list for PBXProject "Ind03_Olaifa_Julius" */ = {
			isa = XCConfigurationList;
			buildConfigurations = (
				08FD390627C4F4F300989897 /* Debug */,
				08FD390727C4F4F300989897 /* Release */,
			);
			defaultConfigurationIsVisible = 0;
			defaultConfigurationName = Release;
		};
		08FD390827C4F4F300989897 /* Build configuration list for PBXNativeTarget "Ind03_Olaifa_Julius" */ = {
			isa = XCConfigurationList;
			buildConfigurations = (
				08FD390927C4F4F300989897 /* Debug */,
				08FD390A27C4F4F300989897 /* Release */,
			);
			defaultConfigurationIsVisible = 0;
			defaultConfigurationName = Release;
		};
/* End XCConfigurationList section */
	};
	rootObject = 08FD38EC27C4F4F200989897 /* Project object */;
}
